
Microsoft Visual Studio Solution File, Format Version 12.00
# Visual Studio Version 17
VisualStudioVersion = 17.4.33122.133
MinimumVisualStudioVersion = 10.0.40219.1
Project("{9A19103F-16F7-4668-BE54-9A1E7A4F7556}") = "ThreadedRipper", "ThreadedRipper.csproj", "{2919DE07-5D72-431E-B962-4A513C84F2AA}"
EndProject
Project("{FAE04EC0-301F-11D3-BF4B-00C04F79EFBC}") = "ThreadedRipperUnitTests", "..\ThreadedRipperUnitTests\ThreadedRipperUnitTests.csproj", "{D7D1798E-B5E3-4E76-876B-6F726A5794B1}"
EndProject
Global
	GlobalSection(SolutionConfigurationPlatforms) = preSolution
		Debug|Any CPU = Debug|Any CPU
		Release|Any CPU = Release|Any CPU
	EndGlobalSection
	GlobalSection(ProjectConfigurationPlatforms) = postSolution
		{2919DE07-5D72-431E-B962-4A513C84F2AA}.Debug|Any CPU.ActiveCfg = Debug|Any CPU
		{2919DE07-5D72-431E-B962-4A513C84F2AA}.Debug|Any CPU.Build.0 = Debug|Any CPU
		{2919DE07-5D72-431E-B962-4A513C84F2AA}.Release|Any CPU.ActiveCfg = Release|Any CPU
		{2919DE07-5D72-431E-B962-4A513C84F2AA}.Release|Any CPU.Build.0 = Release|Any CPU
		{D7D1798E-B5E3-4E76-876B-6F726A5794B1}.Debug|Any CPU.ActiveCfg = Debug|Any CPU
		{D7D1798E-B5E3-4E76-876B-6F726A5794B1}.Debug|Any CPU.Build.0 = Debug|Any CPU
		{D7D1798E-B5E3-4E76-876B-6F726A5794B1}.Release|Any CPU.ActiveCfg = Release|Any CPU
		{D7D1798E-B5E3-4E76-876B-6F726A5794B1}.Release|Any CPU.Build.0 = Release|Any CPU
	EndGlobalSection
	GlobalSection(SolutionProperties) = preSolution
		HideSolutionNode = FALSE
	EndGlobalSection
	GlobalSection(ExtensibilityGlobals) = postSolution
		SolutionGuid = {BE7B88A5-73C8-4A8F-8E0C-6C9B0EA2CEDC}
	EndGlobalSection
EndGlobal
